
Microsoft Visual Studio Solution File, Format Version 11.00
# Visual Studio 2010
Project("{FAE04EC0-301F-11D3-BF4B-00C04F79EFBC}") = "Assembly-CSharp", "Assembly-CSharp.csproj", "{007dba11-e7c2-c7fa-a328-613457d638c2}"
EndProject
Project("{FAE04EC0-301F-11D3-BF4B-00C04F79EFBC}") = "Assembly-CSharp-Editor", "Assembly-CSharp-Editor.csproj", "{147ca098-14e5-f3fd-f5d4-774d6b8769b0}"
EndProject
Global
	GlobalSection(SolutionConfigurationPlatforms) = preSolution
		Debug|Any CPU = Debug|Any CPU
	EndGlobalSection
	GlobalSection(ProjectConfigurationPlatforms) = postSolution
		{007dba11-e7c2-c7fa-a328-613457d638c2}.Debug|Any CPU.ActiveCfg = Debug|Any CPU
		{007dba11-e7c2-c7fa-a328-613457d638c2}.Debug|Any CPU.Build.0 = Debug|Any CPU
		{147ca098-14e5-f3fd-f5d4-774d6b8769b0}.Debug|Any CPU.ActiveCfg = Debug|Any CPU
		{147ca098-14e5-f3fd-f5d4-774d6b8769b0}.Debug|Any CPU.Build.0 = Debug|Any CPU
	EndGlobalSection
	GlobalSection(SolutionProperties) = preSolution
		HideSolutionNode = FALSE
	EndGlobalSection
EndGlobal
